
Microsoft Visual Studio Solution File, Format Version 12.00
# Visual Studio Version 17
VisualStudioVersion = 17.1.32319.34
MinimumVisualStudioVersion = 10.0.40219.1
Project("{FAE04EC0-301F-11D3-BF4B-00C04F79EFBC}") = "ZombieInvasion", "ZombieInvasion\ZombieInvasion.csproj", "{785CC04F-A262-46E3-8066-D31851880860}"
EndProject
Global
	GlobalSection(SolutionConfigurationPlatforms) = preSolution
		Debug|Any CPU = Debug|Any CPU
		Release|Any CPU = Release|Any CPU
	EndGlobalSection
	GlobalSection(ProjectConfigurationPlatforms) = postSolution
		{785CC04F-A262-46E3-8066-D31851880860}.Debug|Any CPU.ActiveCfg = Debug|Any CPU
		{785CC04F-A262-46E3-8066-D31851880860}.Debug|Any CPU.Build.0 = Debug|Any CPU
		{785CC04F-A262-46E3-8066-D31851880860}.Release|Any CPU.ActiveCfg = Release|Any CPU
		{785CC04F-A262-46E3-8066-D31851880860}.Release|Any CPU.Build.0 = Release|Any CPU
	EndGlobalSection
	GlobalSection(SolutionProperties) = preSolution
		HideSolutionNode = FALSE
	EndGlobalSection
	GlobalSection(ExtensibilityGlobals) = postSolution
		SolutionGuid = {6122273B-3BA0-42AF-9176-A5B58E52E726}
	EndGlobalSection
EndGlobal
